
Microsoft Visual Studio Solution File, Format Version 12.00
# Visual Studio Version 17
VisualStudioVersion = 17.8.34330.188
MinimumVisualStudioVersion = 10.0.40219.1
Project("{9A19103F-16F7-4668-BE54-9A1E7A4F7556}") = "Diario.avalonia", "Diario.avalonia\Diario.avalonia.csproj", "{392C3157-47B9-4024-AEC5-BA4B23F4BE54}"
EndProject
Project("{9A19103F-16F7-4668-BE54-9A1E7A4F7556}") = "Diario.avalonia.Desktop", "Diario.avalonia.Desktop\Diario.avalonia.Desktop.csproj", "{A49EFC5C-245F-4F44-AD2C-63B8EBABEC6F}"
EndProject
Project("{FAE04EC0-301F-11D3-BF4B-00C04F79EFBC}") = "Diario-Setup", "Diario-Setup\Diario-Setup.csproj", "{3F93CC46-EBF8-472C-ACE5-BF79F559E337}"
EndProject
Global
	GlobalSection(SolutionConfigurationPlatforms) = preSolution
		Debug|Any CPU = Debug|Any CPU
		Release|Any CPU = Release|Any CPU
	EndGlobalSection
	GlobalSection(ProjectConfigurationPlatforms) = postSolution
		{392C3157-47B9-4024-AEC5-BA4B23F4BE54}.Debug|Any CPU.ActiveCfg = Debug|Any CPU
		{392C3157-47B9-4024-AEC5-BA4B23F4BE54}.Debug|Any CPU.Build.0 = Debug|Any CPU
		{392C3157-47B9-4024-AEC5-BA4B23F4BE54}.Release|Any CPU.ActiveCfg = Release|Any CPU
		{392C3157-47B9-4024-AEC5-BA4B23F4BE54}.Release|Any CPU.Build.0 = Release|Any CPU
		{A49EFC5C-245F-4F44-AD2C-63B8EBABEC6F}.Debug|Any CPU.ActiveCfg = Debug|Any CPU
		{A49EFC5C-245F-4F44-AD2C-63B8EBABEC6F}.Debug|Any CPU.Build.0 = Debug|Any CPU
		{A49EFC5C-245F-4F44-AD2C-63B8EBABEC6F}.Release|Any CPU.ActiveCfg = Release|Any CPU
		{A49EFC5C-245F-4F44-AD2C-63B8EBABEC6F}.Release|Any CPU.Build.0 = Release|Any CPU
		{3F93CC46-EBF8-472C-ACE5-BF79F559E337}.Debug|Any CPU.ActiveCfg = Debug|Any CPU
		{3F93CC46-EBF8-472C-ACE5-BF79F559E337}.Debug|Any CPU.Build.0 = Debug|Any CPU
		{3F93CC46-EBF8-472C-ACE5-BF79F559E337}.Release|Any CPU.ActiveCfg = Release|Any CPU
		{3F93CC46-EBF8-472C-ACE5-BF79F559E337}.Release|Any CPU.Build.0 = Release|Any CPU
	EndGlobalSection
	GlobalSection(SolutionProperties) = preSolution
		HideSolutionNode = FALSE
	EndGlobalSection
	GlobalSection(ExtensibilityGlobals) = postSolution
		SolutionGuid = {3F630BE2-6DCC-42B3-8407-3BEDF75AD659}
	EndGlobalSection
EndGlobal
